{
  "name": "@tigerconnect/dep-b",
  "version": "1.0.0",
  "lockfileVersion": 2,
  "requires": true,
  "packages": {
    "": {
      "name": "@tigerconnect/dep-b",
      "version": "1.0.0",
      "license": "ISC",
      "dependencies": {
        "@tigerconnect/dep-c": "1.0.0"
      }
    },
    "node_modules/@tigerconnect/dep-c": {
      "version": "1.0.0",
      "resolved": "https://registry.npmjs.org/@tigerconnect/dep-c/-/dep-c-1.0.0.tgz",
      "integrity": "sha512-0kRLU/48TokBPSdUSjKjMvQPl3q8XYCV+HhP7w83nGNZAAp2DHte7Dn9LETz6yqQjt6VCRsue03883ZOeUqMXA=="
    }
  },
  "dependencies": {
    "@tigerconnect/dep-c": {
      "version": "1.0.0",
      "resolved": "https://registry.npmjs.org/@tigerconnect/dep-c/-/dep-c-1.0.0.tgz",
      "integrity": "sha512-0kRLU/48TokBPSdUSjKjMvQPl3q8XYCV+HhP7w83nGNZAAp2DHte7Dn9LETz6yqQjt6VCRsue03883ZOeUqMXA=="
    }
  }
}
