{
  "name": "@tigerconnect/dep-a",
  "version": "1.0.0",
  "lockfileVersion": 2,
  "requires": true,
  "packages": {
    "": {
      "name": "@tigerconnect/dep-a",
      "version": "1.0.0",
      "license": "ISC",
      "dependencies": {
        "@tigerconnect/dep-c": "2.0.0"
      }
    },
    "node_modules/@tigerconnect/dep-c": {
      "version": "2.0.0",
      "resolved": "https://registry.npmjs.org/@tigerconnect/dep-c/-/dep-c-2.0.0.tgz",
      "integrity": "sha512-ngBGpbBdzgBQWmAz2LLW+Z6cqQ7RpT2Tw8LRICTlYfXOFMYPP76gRiPeR/d2GbwwVvEp/etXstiymEXkqTcpOQ=="
    }
  },
  "dependencies": {
    "@tigerconnect/dep-c": {
      "version": "2.0.0",
      "resolved": "https://registry.npmjs.org/@tigerconnect/dep-c/-/dep-c-2.0.0.tgz",
      "integrity": "sha512-ngBGpbBdzgBQWmAz2LLW+Z6cqQ7RpT2Tw8LRICTlYfXOFMYPP76gRiPeR/d2GbwwVvEp/etXstiymEXkqTcpOQ=="
    }
  }
}
